// !$*UTF8*$!
{
	archiveVersion = 1;
	classes = {
	};
	objectVersion = 46;
	objects = {

/* Begin PBXBuildFile section */
		9C22C9311D7764A600B02A16 /* Combinable.swift in Sources */ = {isa = PBXBuildFile; fileRef = 9C22C9301D7764A600B02A16 /* Combinable.swift */; };
		9C22C9331D776A3900B02A16 /* Breeding.swift in Sources */ = {isa = PBXBuildFile; fileRef = 9C22C9321D776A3900B02A16 /* Breeding.swift */; };
		9CD2F56C1D70E67E00DFE0E7 /* XCAssertCombinators.swift in Sources */ = {isa = PBXBuildFile; fileRef = 9CD2F56B1D70E67E00DFE0E7 /* XCAssertCombinators.swift */; };
		9CEA0DD81D6B843C006B0158 /* Operators.swift in Sources */ = {isa = PBXBuildFile; fileRef = 9CEA0DD71D6B843C006B0158 /* Operators.swift */; };
		9CEA0DDA1D6B8507006B0158 /* EggShell.swift in Sources */ = {isa = PBXBuildFile; fileRef = 9CEA0DD91D6B8507006B0158 /* EggShell.swift */; };
		9CEA0DDC1D6B8533006B0158 /* Egg.swift in Sources */ = {isa = PBXBuildFile; fileRef = 9CEA0DDB1D6B8533006B0158 /* Egg.swift */; };
		9CEA0DDE1D6B8563006B0158 /* XCAssert.swift in Sources */ = {isa = PBXBuildFile; fileRef = 9CEA0DDD1D6B8563006B0158 /* XCAssert.swift */; };
		9CEE03A11D6B81F0006B8079 /* BlackNest.framework in Frameworks */ = {isa = PBXBuildFile; fileRef = 9CEE03971D6B81F0006B8079 /* BlackNest.framework */; };
		9CEE03A61D6B81F0006B8079 /* BlackNestTests.swift in Sources */ = {isa = PBXBuildFile; fileRef = 9CEE03A51D6B81F0006B8079 /* BlackNestTests.swift */; };
/* End PBXBuildFile section */

/* Begin PBXContainerItemProxy section */
		9CEE03A21D6B81F0006B8079 /* PBXContainerItemProxy */ = {
			isa = PBXContainerItemProxy;
			containerPortal = 9CEE038E1D6B81F0006B8079 /* Project object */;
			proxyType = 1;
			remoteGlobalIDString = 9CEE03961D6B81F0006B8079;
			remoteInfo = BlackNest;
		};
/* End PBXContainerItemProxy section */

/* Begin PBXFileReference section */
		9C22C9301D7764A600B02A16 /* Combinable.swift */ = {isa = PBXFileReference; fileEncoding = 4; lastKnownFileType = sourcecode.swift; path = Combinable.swift; sourceTree = "<group>"; };
		9C22C9321D776A3900B02A16 /* Breeding.swift */ = {isa = PBXFileReference; fileEncoding = 4; lastKnownFileType = sourcecode.swift; path = Breeding.swift; sourceTree = "<group>"; };
		9CD2F56B1D70E67E00DFE0E7 /* XCAssertCombinators.swift */ = {isa = PBXFileReference; fileEncoding = 4; lastKnownFileType = sourcecode.swift; path = XCAssertCombinators.swift; sourceTree = "<group>"; };
		9CEA0DD51D6B8288006B0158 /* XCTest.framework */ = {isa = PBXFileReference; lastKnownFileType = wrapper.framework; name = XCTest.framework; path = Platforms/iPhoneOS.platform/Developer/Library/Frameworks/XCTest.framework; sourceTree = DEVELOPER_DIR; };
		9CEA0DD71D6B843C006B0158 /* Operators.swift */ = {isa = PBXFileReference; fileEncoding = 4; lastKnownFileType = sourcecode.swift; path = Operators.swift; sourceTree = "<group>"; };
		9CEA0DD91D6B8507006B0158 /* EggShell.swift */ = {isa = PBXFileReference; fileEncoding = 4; lastKnownFileType = sourcecode.swift; path = EggShell.swift; sourceTree = "<group>"; };
		9CEA0DDB1D6B8533006B0158 /* Egg.swift */ = {isa = PBXFileReference; fileEncoding = 4; lastKnownFileType = sourcecode.swift; path = Egg.swift; sourceTree = "<group>"; };
		9CEA0DDD1D6B8563006B0158 /* XCAssert.swift */ = {isa = PBXFileReference; fileEncoding = 4; lastKnownFileType = sourcecode.swift; path = XCAssert.swift; sourceTree = "<group>"; };
		9CEE03971D6B81F0006B8079 /* BlackNest.framework */ = {isa = PBXFileReference; explicitFileType = wrapper.framework; includeInIndex = 0; path = BlackNest.framework; sourceTree = BUILT_PRODUCTS_DIR; };
		9CEE039B1D6B81F0006B8079 /* Info.plist */ = {isa = PBXFileReference; lastKnownFileType = text.plist.xml; path = Info.plist; sourceTree = "<group>"; };
		9CEE03A01D6B81F0006B8079 /* BlackNestTests.xctest */ = {isa = PBXFileReference; explicitFileType = wrapper.cfbundle; includeInIndex = 0; path = BlackNestTests.xctest; sourceTree = BUILT_PRODUCTS_DIR; };
		9CEE03A51D6B81F0006B8079 /* BlackNestTests.swift */ = {isa = PBXFileReference; lastKnownFileType = sourcecode.swift; path = BlackNestTests.swift; sourceTree = "<group>"; };
		9CEE03A71D6B81F0006B8079 /* Info.plist */ = {isa = PBXFileReference; lastKnownFileType = text.plist.xml; path = Info.plist; sourceTree = "<group>"; };
		C537E8A21D6D775D0026CEBC /* README.md */ = {isa = PBXFileReference; fileEncoding = 4; lastKnownFileType = net.daringfireball.markdown; path = README.md; sourceTree = "<group>"; };
/* End PBXFileReference section */

/* Begin PBXFrameworksBuildPhase section */
		9CEE03931D6B81F0006B8079 /* Frameworks */ = {
			isa = PBXFrameworksBuildPhase;
			buildActionMask = 2147483647;
			files = (
			);
			runOnlyForDeploymentPostprocessing = 0;
		};
		9CEE039D1D6B81F0006B8079 /* Frameworks */ = {
			isa = PBXFrameworksBuildPhase;
			buildActionMask = 2147483647;
			files = (
				9CEE03A11D6B81F0006B8079 /* BlackNest.framework in Frameworks */,
			);
			runOnlyForDeploymentPostprocessing = 0;
		};
/* End PBXFrameworksBuildPhase section */

/* Begin PBXGroup section */
		9CEA0DD41D6B8288006B0158 /* Frameworks */ = {
			isa = PBXGroup;
			children = (
				9CEA0DD51D6B8288006B0158 /* XCTest.framework */,
			);
			name = Frameworks;
			sourceTree = "<group>";
		};
		9CEE038D1D6B81F0006B8079 = {
			isa = PBXGroup;
			children = (
				C537E8A21D6D775D0026CEBC /* README.md */,
				9CEE03991D6B81F0006B8079 /* BlackNest */,
				9CEE03A41D6B81F0006B8079 /* BlackNestTests */,
				9CEE03981D6B81F0006B8079 /* Products */,
				9CEA0DD41D6B8288006B0158 /* Frameworks */,
			);
			sourceTree = "<group>";
		};
		9CEE03981D6B81F0006B8079 /* Products */ = {
			isa = PBXGroup;
			children = (
				9CEE03971D6B81F0006B8079 /* BlackNest.framework */,
				9CEE03A01D6B81F0006B8079 /* BlackNestTests.xctest */,
			);
			name = Products;
			sourceTree = "<group>";
		};
		9CEE03991D6B81F0006B8079 /* BlackNest */ = {
			isa = PBXGroup;
			children = (
				9CEE039B1D6B81F0006B8079 /* Info.plist */,
				9CEA0DD71D6B843C006B0158 /* Operators.swift */,
				9C22C9321D776A3900B02A16 /* Breeding.swift */,
				9CEA0DDB1D6B8533006B0158 /* Egg.swift */,
				9C22C9301D7764A600B02A16 /* Combinable.swift */,
				9CEA0DD91D6B8507006B0158 /* EggShell.swift */,
				9CEA0DDD1D6B8563006B0158 /* XCAssert.swift */,
				9CD2F56B1D70E67E00DFE0E7 /* XCAssertCombinators.swift */,
			);
			path = BlackNest;
			sourceTree = "<group>";
		};
		9CEE03A41D6B81F0006B8079 /* BlackNestTests */ = {
			isa = PBXGroup;
			children = (
				9CEE03A51D6B81F0006B8079 /* BlackNestTests.swift */,
				9CEE03A71D6B81F0006B8079 /* Info.plist */,
			);
			path = BlackNestTests;
			sourceTree = "<group>";
		};
/* End PBXGroup section */

/* Begin PBXHeadersBuildPhase section */
		9CEE03941D6B81F0006B8079 /* Headers */ = {
			isa = PBXHeadersBuildPhase;
			buildActionMask = 2147483647;
			files = (
			);
			runOnlyForDeploymentPostprocessing = 0;
		};
/* End PBXHeadersBuildPhase section */

/* Begin PBXNativeTarget section */
		9CEE03961D6B81F0006B8079 /* BlackNest */ = {
			isa = PBXNativeTarget;
			buildConfigurationList = 9CEE03AB1D6B81F0006B8079 /* Build configuration list for PBXNativeTarget "BlackNest" */;
			buildPhases = (
				9CEE03921D6B81F0006B8079 /* Sources */,
				9CEE03931D6B81F0006B8079 /* Frameworks */,
				9CEE03941D6B81F0006B8079 /* Headers */,
				9CEE03951D6B81F0006B8079 /* Resources */,
				9C12F3621D6C16770079BDFF /* swiftlint */,
			);
			buildRules = (
			);
			dependencies = (
			);
			name = BlackNest;
			productName = BlackNest;
			productReference = 9CEE03971D6B81F0006B8079 /* BlackNest.framework */;
			productType = "com.apple.product-type.framework";
		};
		9CEE039F1D6B81F0006B8079 /* BlackNestTests */ = {
			isa = PBXNativeTarget;
			buildConfigurationList = 9CEE03AE1D6B81F0006B8079 /* Build configuration list for PBXNativeTarget "BlackNestTests" */;
			buildPhases = (
				9CEE039C1D6B81F0006B8079 /* Sources */,
				9CEE039D1D6B81F0006B8079 /* Frameworks */,
				9CEE039E1D6B81F0006B8079 /* Resources */,
			);
			buildRules = (
			);
			dependencies = (
				9CEE03A31D6B81F0006B8079 /* PBXTargetDependency */,
			);
			name = BlackNestTests;
			productName = BlackNestTests;
			productReference = 9CEE03A01D6B81F0006B8079 /* BlackNestTests.xctest */;
			productType = "com.apple.product-type.bundle.unit-test";
		};
/* End PBXNativeTarget section */

/* Begin PBXProject section */
		9CEE038E1D6B81F0006B8079 /* Project object */ = {
			isa = PBXProject;
			attributes = {
				LastSwiftUpdateCheck = 0800;
				LastUpgradeCheck = 0900;
				ORGANIZATIONNAME = "Elmar Kretzer";
				TargetAttributes = {
					9CEE03961D6B81F0006B8079 = {
						CreatedOnToolsVersion = 8.0;
						DevelopmentTeam = A8GCV2M324;
						LastSwiftMigration = 0900;
						ProvisioningStyle = Automatic;
					};
					9CEE039F1D6B81F0006B8079 = {
						CreatedOnToolsVersion = 8.0;
						DevelopmentTeam = A8GCV2M324;
						LastSwiftMigration = 0900;
						ProvisioningStyle = Automatic;
					};
				};
			};
			buildConfigurationList = 9CEE03911D6B81F0006B8079 /* Build configuration list for PBXProject "BlackNest" */;
			compatibilityVersion = "Xcode 3.2";
			developmentRegion = English;
			hasScannedForEncodings = 0;
			knownRegions = (
				en,
			);
			mainGroup = 9CEE038D1D6B81F0006B8079;
			productRefGroup = 9CEE03981D6B81F0006B8079 /* Products */;
			projectDirPath = "";
			projectRoot = "";
			targets = (
				9CEE03961D6B81F0006B8079 /* BlackNest */,
				9CEE039F1D6B81F0006B8079 /* BlackNestTests */,
			);
		};
/* End PBXProject section */

/* Begin PBXResourcesBuildPhase section */
		9CEE03951D6B81F0006B8079 /* Resources */ = {
			isa = PBXResourcesBuildPhase;
			buildActionMask = 2147483647;
			files = (
			);
			runOnlyForDeploymentPostprocessing = 0;
		};
		9CEE039E1D6B81F0006B8079 /* Resources */ = {
			isa = PBXResourcesBuildPhase;
			buildActionMask = 2147483647;
			files = (
			);
			runOnlyForDeploymentPostprocessing = 0;
		};
/* End PBXResourcesBuildPhase section */

/* Begin PBXShellScriptBuildPhase section */
		9C12F3621D6C16770079BDFF /* swiftlint */ = {
			isa = PBXShellScriptBuildPhase;
			buildActionMask = 2147483647;
			files = (
			);
			inputPaths = (
			);
			name = swiftlint;
			outputPaths = (
			);
			runOnlyForDeploymentPostprocessing = 0;
			shellPath = /bin/sh;
			shellScript = "if which swiftlint >/dev/null; then\nswiftlint\nelse\necho \"warning: SwiftLint not installed, download from https://github.com/realm/SwiftLint\"\nfi";
		};
/* End PBXShellScriptBuildPhase section */

/* Begin PBXSourcesBuildPhase section */
		9CEE03921D6B81F0006B8079 /* Sources */ = {
			isa = PBXSourcesBuildPhase;
			buildActionMask = 2147483647;
			files = (
				9C22C9311D7764A600B02A16 /* Combinable.swift in Sources */,
				9C22C9331D776A3900B02A16 /* Breeding.swift in Sources */,
				9CEA0DDE1D6B8563006B0158 /* XCAssert.swift in Sources */,
				9CEA0DDC1D6B8533006B0158 /* Egg.swift in Sources */,
				9CD2F56C1D70E67E00DFE0E7 /* XCAssertCombinators.swift in Sources */,
				9CEA0DDA1D6B8507006B0158 /* EggShell.swift in Sources */,
				9CEA0DD81D6B843C006B0158 /* Operators.swift in Sources */,
			);
			runOnlyForDeploymentPostprocessing = 0;
		};
		9CEE039C1D6B81F0006B8079 /* Sources */ = {
			isa = PBXSourcesBuildPhase;
			buildActionMask = 2147483647;
			files = (
				9CEE03A61D6B81F0006B8079 /* BlackNestTests.swift in Sources */,
			);
			runOnlyForDeploymentPostprocessing = 0;
		};
/* End PBXSourcesBuildPhase section */

/* Begin PBXTargetDependency section */
		9CEE03A31D6B81F0006B8079 /* PBXTargetDependency */ = {
			isa = PBXTargetDependency;
			target = 9CEE03961D6B81F0006B8079 /* BlackNest */;
			targetProxy = 9CEE03A21D6B81F0006B8079 /* PBXContainerItemProxy */;
		};
/* End PBXTargetDependency section */

/* Begin XCBuildConfiguration section */
		9CEE03A91D6B81F0006B8079 /* Debug */ = {
			isa = XCBuildConfiguration;
			buildSettings = {
				ALWAYS_SEARCH_USER_PATHS = NO;
				CLANG_ANALYZER_NONNULL = YES;
				CLANG_CXX_LANGUAGE_STANDARD = "gnu++0x";
				CLANG_CXX_LIBRARY = "libc++";
				CLANG_ENABLE_MODULES = YES;
				CLANG_ENABLE_OBJC_ARC = YES;
				CLANG_WARN_BLOCK_CAPTURE_AUTORELEASING = YES;
				CLANG_WARN_BOOL_CONVERSION = YES;
				CLANG_WARN_COMMA = YES;
				CLANG_WARN_CONSTANT_CONVERSION = YES;
				CLANG_WARN_DIRECT_OBJC_ISA_USAGE = YES_ERROR;
				CLANG_WARN_DOCUMENTATION_COMMENTS = YES;
				CLANG_WARN_EMPTY_BODY = YES;
				CLANG_WARN_ENUM_CONVERSION = YES;
				CLANG_WARN_INFINITE_RECURSION = YES;
				CLANG_WARN_INT_CONVERSION = YES;
				CLANG_WARN_NON_LITERAL_NULL_CONVERSION = YES;
				CLANG_WARN_OBJC_LITERAL_CONVERSION = YES;
				CLANG_WARN_OBJC_ROOT_CLASS = YES_ERROR;
				CLANG_WARN_RANGE_LOOP_ANALYSIS = YES;
				CLANG_WARN_STRICT_PROTOTYPES = YES;
				CLANG_WARN_SUSPICIOUS_MOVE = YES;
				CLANG_WARN_SUSPICIOUS_MOVES = YES;
				CLANG_WARN_UNREACHABLE_CODE = YES;
				CLANG_WARN__DUPLICATE_METHOD_MATCH = YES;
				"CODE_SIGN_IDENTITY[sdk=iphoneos*]" = "iPhone Developer";
				COPY_PHASE_STRIP = NO;
				CURRENT_PROJECT_VERSION = 1;
				DEBUG_INFORMATION_FORMAT = dwarf;
				ENABLE_STRICT_OBJC_MSGSEND = YES;
				ENABLE_TESTABILITY = YES;
				GCC_C_LANGUAGE_STANDARD = gnu99;
				GCC_DYNAMIC_NO_PIC = NO;
				GCC_NO_COMMON_BLOCKS = YES;
				GCC_OPTIMIZATION_LEVEL = 0;
				GCC_PREPROCESSOR_DEFINITIONS = (
					"DEBUG=1",
					"$(inherited)",
				);
				GCC_WARN_64_TO_32_BIT_CONVERSION = YES;
				GCC_WARN_ABOUT_RETURN_TYPE = YES_ERROR;
				GCC_WARN_UNDECLARED_SELECTOR = YES;
				GCC_WARN_UNINITIALIZED_AUTOS = YES_AGGRESSIVE;
				GCC_WARN_UNUSED_FUNCTION = YES;
				GCC_WARN_UNUSED_VARIABLE = YES;
				IPHONEOS_DEPLOYMENT_TARGET = 10.0;
				MTL_ENABLE_DEBUG_INFO = YES;
				ONLY_ACTIVE_ARCH = YES;
				SDKROOT = iphoneos;
				SWIFT_ACTIVE_COMPILATION_CONDITIONS = DEBUG;
				SWIFT_OPTIMIZATION_LEVEL = "-Onone";
				TARGETED_DEVICE_FAMILY = "1,2";
				VERSIONING_SYSTEM = "apple-generic";
				VERSION_INFO_PREFIX = "";
			};
			name = Debug;
		};
		9CEE03AA1D6B81F0006B8079 /* Release */ = {
			isa = XCBuildConfiguration;
			buildSettings = {
				ALWAYS_SEARCH_USER_PATHS = NO;
				CLANG_ANALYZER_NONNULL = YES;
				CLANG_CXX_LANGUAGE_STANDARD = "gnu++0x";
				CLANG_CXX_LIBRARY = "libc++";
				CLANG_ENABLE_MODULES = YES;
				CLANG_ENABLE_OBJC_ARC = YES;
				CLANG_WARN_BLOCK_CAPTURE_AUTORELEASING = YES;
				CLANG_WARN_BOOL_CONVERSION = YES;
				CLANG_WARN_COMMA = YES;
				CLANG_WARN_CONSTANT_CONVERSION = YES;
				CLANG_WARN_DIRECT_OBJC_ISA_USAGE = YES_ERROR;
				CLANG_WARN_DOCUMENTATION_COMMENTS = YES;
				CLANG_WARN_EMPTY_BODY = YES;
				CLANG_WARN_ENUM_CONVERSION = YES;
				CLANG_WARN_INFINITE_RECURSION = YES;
				CLANG_WARN_INT_CONVERSION = YES;
				CLANG_WARN_NON_LITERAL_NULL_CONVERSION = YES;
				CLANG_WARN_OBJC_LITERAL_CONVERSION = YES;
				CLANG_WARN_OBJC_ROOT_CLASS = YES_ERROR;
				CLANG_WARN_RANGE_LOOP_ANALYSIS = YES;
				CLANG_WARN_STRICT_PROTOTYPES = YES;
				CLANG_WARN_SUSPICIOUS_MOVE = YES;
				CLANG_WARN_SUSPICIOUS_MOVES = YES;
				CLANG_WARN_UNREACHABLE_CODE = YES;
				CLANG_WARN__DUPLICATE_METHOD_MATCH = YES;
				"CODE_SIGN_IDENTITY[sdk=iphoneos*]" = "iPhone Developer";
				COPY_PHASE_STRIP = NO;
				CURRENT_PROJECT_VERSION = 1;
				DEBUG_INFORMATION_FORMAT = "dwarf-with-dsym";
				ENABLE_NS_ASSERTIONS = NO;
				ENABLE_STRICT_OBJC_MSGSEND = YES;
				GCC_C_LANGUAGE_STANDARD = gnu99;
				GCC_NO_COMMON_BLOCKS = YES;
				GCC_WARN_64_TO_32_BIT_CONVERSION = YES;
				GCC_WARN_ABOUT_RETURN_TYPE = YES_ERROR;
				GCC_WARN_UNDECLARED_SELECTOR = YES;
				GCC_WARN_UNINITIALIZED_AUTOS = YES_AGGRESSIVE;
				GCC_WARN_UNUSED_FUNCTION = YES;
				GCC_WARN_UNUSED_VARIABLE = YES;
				IPHONEOS_DEPLOYMENT_TARGET = 10.0;
				MTL_ENABLE_DEBUG_INFO = NO;
				SDKROOT = iphoneos;
				SWIFT_OPTIMIZATION_LEVEL = "-Owholemodule";
				TARGETED_DEVICE_FAMILY = "1,2";
				VALIDATE_PRODUCT = YES;
				VERSIONING_SYSTEM = "apple-generic";
				VERSION_INFO_PREFIX = "";
			};
			name = Release;
		};
		9CEE03AC1D6B81F0006B8079 /* Debug */ = {
			isa = XCBuildConfiguration;
			buildSettings = {
				APPLICATION_EXTENSION_API_ONLY = NO;
				CLANG_ENABLE_MODULES = YES;
				CODE_SIGN_IDENTITY = "";
				"CODE_SIGN_IDENTITY[sdk=iphoneos*]" = "";
				DEFINES_MODULE = YES;
				DEVELOPMENT_TEAM = A8GCV2M324;
				DYLIB_COMPATIBILITY_VERSION = 1;
				DYLIB_CURRENT_VERSION = 1;
				DYLIB_INSTALL_NAME_BASE = "@rpath";
				FRAMEWORK_SEARCH_PATHS = (
					"$(PLATFORM_DIR)/Developer/Library/Frameworks",
					"$(DEVELOPER_FRAMEWORKS_DIR)",
				);
				INFOPLIST_FILE = BlackNest/Info.plist;
				INSTALL_PATH = "$(LOCAL_LIBRARY_DIR)/Frameworks";
				LD_RUNPATH_SEARCH_PATHS = "$(inherited) @executable_path/Frameworks @loader_path/Frameworks";
				OTHER_LDFLAGS = (
					"-weak_framework",
					XCTest,
				);
				PRODUCT_BUNDLE_IDENTIFIER = com.symentis.BlackNest;
				PRODUCT_NAME = "$(TARGET_NAME)";
				SKIP_INSTALL = YES;
				SWIFT_OPTIMIZATION_LEVEL = "-Onone";
				SWIFT_SWIFT3_OBJC_INFERENCE = On;
				SWIFT_VERSION = 4.0;
				TARGETED_DEVICE_FAMILY = "1,2";
			};
			name = Debug;
		};
		9CEE03AD1D6B81F0006B8079 /* Release */ = {
			isa = XCBuildConfiguration;
			buildSettings = {
				APPLICATION_EXTENSION_API_ONLY = NO;
				CLANG_ENABLE_MODULES = YES;
				CODE_SIGN_IDENTITY = "";
				DEFINES_MODULE = YES;
				DEVELOPMENT_TEAM = A8GCV2M324;
				DYLIB_COMPATIBILITY_VERSION = 1;
				DYLIB_CURRENT_VERSION = 1;
				DYLIB_INSTALL_NAME_BASE = "@rpath";
				FRAMEWORK_SEARCH_PATHS = (
					"$(PLATFORM_DIR)/Developer/Library/Frameworks",
					"$(DEVELOPER_FRAMEWORKS_DIR)",
				);
				INFOPLIST_FILE = BlackNest/Info.plist;
				INSTALL_PATH = "$(LOCAL_LIBRARY_DIR)/Frameworks";
				LD_RUNPATH_SEARCH_PATHS = "$(inherited) @executable_path/Frameworks @loader_path/Frameworks";
				OTHER_LDFLAGS = (
					"-weak_framework",
					XCTest,
				);
				PRODUCT_BUNDLE_IDENTIFIER = com.symentis.BlackNest;
				PRODUCT_NAME = "$(TARGET_NAME)";
				SKIP_INSTALL = YES;
				SWIFT_SWIFT3_OBJC_INFERENCE = On;
				SWIFT_VERSION = 4.0;
				TARGETED_DEVICE_FAMILY = "1,2";
			};
			name = Release;
		};
		9CEE03AF1D6B81F0006B8079 /* Debug */ = {
			isa = XCBuildConfiguration;
			buildSettings = {
				ALWAYS_EMBED_SWIFT_STANDARD_LIBRARIES = YES;
				DEVELOPMENT_TEAM = A8GCV2M324;
				INFOPLIST_FILE = BlackNestTests/Info.plist;
				LD_RUNPATH_SEARCH_PATHS = "$(inherited) @executable_path/Frameworks @loader_path/Frameworks";
				PRODUCT_BUNDLE_IDENTIFIER = com.symentis.BlackNestTests;
				PRODUCT_NAME = "$(TARGET_NAME)";
				SWIFT_SWIFT3_OBJC_INFERENCE = On;
				SWIFT_VERSION = 4.0;
			};
			name = Debug;
		};
		9CEE03B01D6B81F0006B8079 /* Release */ = {
			isa = XCBuildConfiguration;
			buildSettings = {
				ALWAYS_EMBED_SWIFT_STANDARD_LIBRARIES = YES;
				DEVELOPMENT_TEAM = A8GCV2M324;
				INFOPLIST_FILE = BlackNestTests/Info.plist;
				LD_RUNPATH_SEARCH_PATHS = "$(inherited) @executable_path/Frameworks @loader_path/Frameworks";
				PRODUCT_BUNDLE_IDENTIFIER = com.symentis.BlackNestTests;
				PRODUCT_NAME = "$(TARGET_NAME)";
				SWIFT_SWIFT3_OBJC_INFERENCE = On;
				SWIFT_VERSION = 4.0;
			};
			name = Release;
		};
/* End XCBuildConfiguration section */

/* Begin XCConfigurationList section */
		9CEE03911D6B81F0006B8079 /* Build configuration list for PBXProject "BlackNest" */ = {
			isa = XCConfigurationList;
			buildConfigurations = (
				9CEE03A91D6B81F0006B8079 /* Debug */,
				9CEE03AA1D6B81F0006B8079 /* Release */,
			);
			defaultConfigurationIsVisible = 0;
			defaultConfigurationName = Release;
		};
		9CEE03AB1D6B81F0006B8079 /* Build configuration list for PBXNativeTarget "BlackNest" */ = {
			isa = XCConfigurationList;
			buildConfigurations = (
				9CEE03AC1D6B81F0006B8079 /* Debug */,
				9CEE03AD1D6B81F0006B8079 /* Release */,
			);
			defaultConfigurationIsVisible = 0;
			defaultConfigurationName = Release;
		};
		9CEE03AE1D6B81F0006B8079 /* Build configuration list for PBXNativeTarget "BlackNestTests" */ = {
			isa = XCConfigurationList;
			buildConfigurations = (
				9CEE03AF1D6B81F0006B8079 /* Debug */,
				9CEE03B01D6B81F0006B8079 /* Release */,
			);
			defaultConfigurationIsVisible = 0;
			defaultConfigurationName = Release;
		};
/* End XCConfigurationList section */
	};
	rootObject = 9CEE038E1D6B81F0006B8079 /* Project object */;
}
